
Microsoft Visual Studio Solution File, Format Version 12.00
# Visual Studio Version 16
VisualStudioVersion = 16.0.30804.86
MinimumVisualStudioVersion = 10.0.40219.1
Project("{9A19103F-16F7-4668-BE54-9A1E7A4F7556}") = "WebApplicationWithNGINX", "WebApplicationWithNGINX\WebApplicationWithNGINX.csproj", "{6A387FF0-8406-481D-84E6-2F73428DB0D7}"
EndProject
Project("{E53339B2-1760-4266-BCC7-CA923CBCF16C}") = "docker-compose", "docker-compose.dcproj", "{6ADD7BFB-F588-4833-8B63-5C81210F73D7}"
EndProject
Project("{2150E333-8FDC-42A3-9474-1A3956D46DE8}") = "Nginx", "Nginx", "{9ACC9B82-7DF9-44AE-A4F2-19DBC48FE91B}"
	ProjectSection(SolutionItems) = preProject
		Nginx\Dockerfile = Nginx\Dockerfile
		Nginx\nginx.conf = Nginx\nginx.conf
		Nginx\trusted-certificate-store.pem = Nginx\trusted-certificate-store.pem
	EndProjectSection
EndProject
Global
	GlobalSection(SolutionConfigurationPlatforms) = preSolution
		Debug|Any CPU = Debug|Any CPU
		Release|Any CPU = Release|Any CPU
	EndGlobalSection
	GlobalSection(ProjectConfigurationPlatforms) = postSolution
		{6A387FF0-8406-481D-84E6-2F73428DB0D7}.Debug|Any CPU.ActiveCfg = Debug|Any CPU
		{6A387FF0-8406-481D-84E6-2F73428DB0D7}.Debug|Any CPU.Build.0 = Debug|Any CPU
		{6A387FF0-8406-481D-84E6-2F73428DB0D7}.Release|Any CPU.ActiveCfg = Release|Any CPU
		{6A387FF0-8406-481D-84E6-2F73428DB0D7}.Release|Any CPU.Build.0 = Release|Any CPU
		{6ADD7BFB-F588-4833-8B63-5C81210F73D7}.Debug|Any CPU.ActiveCfg = Debug|Any CPU
		{6ADD7BFB-F588-4833-8B63-5C81210F73D7}.Debug|Any CPU.Build.0 = Debug|Any CPU
		{6ADD7BFB-F588-4833-8B63-5C81210F73D7}.Release|Any CPU.ActiveCfg = Release|Any CPU
		{6ADD7BFB-F588-4833-8B63-5C81210F73D7}.Release|Any CPU.Build.0 = Release|Any CPU
	EndGlobalSection
	GlobalSection(SolutionProperties) = preSolution
		HideSolutionNode = FALSE
	EndGlobalSection
	GlobalSection(ExtensibilityGlobals) = postSolution
		SolutionGuid = {D54AC88B-1F1F-4B0C-B6A5-97D0AA156ABD}
	EndGlobalSection
EndGlobal
